{
  "name": "@linggihlukis/flow",
  "version": "0.1.6",
  "lockfileVersion": 3,
  "requires": true,
  "packages": {
    "": {
      "name": "@linggihlukis/flow",
      "version": "0.1.6",
      "license": "MIT",
      "dependencies": {
        "js-yaml": "^4.1.1",
        "tree-sitter-wasms": "^0.1.13",
        "web-tree-sitter": "^0.20.8"
      },
      "bin": {
        "flow": "bin/install.js"
      },
      "engines": {
        "node": ">=18.0.0"
      }
    },
    "node_modules/argparse": {
      "version": "2.0.1",
      "resolved": "https://registry.npmjs.org/argparse/-/argparse-2.0.1.tgz",
      "integrity": "sha512-8+9WqebbFzpX9OR+Wa6O29asIogeRMzcGtAINdpMHHyAg10f05aSFVBbcEqGf/PXw1EjAZ+q2/bEBg3DvurK3Q==",
      "license": "Python-2.0"
    },
    "node_modules/js-yaml": {
      "version": "4.1.1",
      "resolved": "https://registry.npmjs.org/js-yaml/-/js-yaml-4.1.1.tgz",
      "integrity": "sha512-qQKT4zQxXl8lLwBtHMWwaTcGfFOZviOJet3Oy/xmGk2gZH677CJM9EvtfdSkgWcATZhj/55JZ0rmy3myCT5lsA==",
      "license": "MIT",
      "dependencies": {
        "argparse": "^2.0.1"
      },
      "bin": {
        "js-yaml": "bin/js-yaml.js"
      }
    },
    "node_modules/tree-sitter-wasms": {
      "version": "0.1.13",
      "resolved": "https://registry.npmjs.org/tree-sitter-wasms/-/tree-sitter-wasms-0.1.13.tgz",
      "integrity": "sha512-wT+cR6DwaIz80/vho3AvSF0N4txuNx/5bcRKoXouOfClpxh/qqrF4URNLQXbbt8MaAxeksZcZd1j8gcGjc+QxQ==",
      "license": "Unlicense",
      "dependencies": {
        "tree-sitter-wasms": "^0.1.11"
      }
    },
    "node_modules/web-tree-sitter": {
      "version": "0.20.8",
      "resolved": "https://registry.npmjs.org/web-tree-sitter/-/web-tree-sitter-0.20.8.tgz",
      "integrity": "sha512-weOVgZ3aAARgdnb220GqYuh7+rZU0Ka9k9yfKtGAzEYMa6GgiCzW9JjQRJyCJakvibQW+dfjJdihjInKuuCAUQ==",
      "license": "MIT"
    }
  }
}
